# THIS IS AN AUTOGENERATED FILE. DO NOT EDIT THIS FILE DIRECTLY.
# yarn lockfile v1


"@antfu/install-pkg@^1.1.0":
  version "1.1.0"
  resolved "https://registry.yarnpkg.com/@antfu/install-pkg/-/install-pkg-1.1.0.tgz#78fa036be1a6081b5a77a5cf59f50c7752b6ba26"
  integrity sha512-MGQsmw10ZyI+EJo45CdSER4zEb+p31LpDAFp2Z3gkSd1yqVZGi0Ebx++YTEMonJy4oChEMLsxZ64j8FH6sSqtQ==
  dependencies:
    package-manager-detector "^1.3.0"
    tinyexec "^1.0.1"

"@cyberalien/svg-utils@^1.2.4":
  version "1.2.6"
  resolved "https://registry.yarnpkg.com/@cyberalien/svg-utils/-/svg-utils-1.2.6.tgz#0dc08df6861fecd774a55084f9bd3016a244c5bf"
  integrity sha512-x24BZpZ//OQZebYowWV8muilk9p4DJBGDYCVxeFiX+T/68VLKFJNBqSrJZ/XBNgmcQz3RCf4GjWj0DSt2NfM6w==
  dependencies:
    "@iconify/types" "^2.0.0"

"@iconify/tailwind4@^1.2.1":
  version "1.2.3"
  resolved "https://registry.yarnpkg.com/@iconify/tailwind4/-/tailwind4-1.2.3.tgz#ae6e0a554571e0ea63989d50eda0c9e2723ec3b5"
  integrity sha512-z8SKiMHRASJKF/IY//87MF88lcB7ulxh8vlhQXXLWsBkNtOh6ese9R41MyGpQeqXdRvQVt+/fX2glQtHFjQ+MA==
  dependencies:
    "@iconify/tools" "^5.0.5"
    "@iconify/types" "^2.0.0"
    "@iconify/utils" "^3.1.0"

"@iconify/tools@^5.0.5":
  version "5.0.5"
  resolved "https://registry.yarnpkg.com/@iconify/tools/-/tools-5.0.5.tgz#10cd35ef2e31ca519a963554c7d5874427dcc8a1"
  integrity sha512-JE3uqne+l89kggZYKIukaYDIae4lHKMNVDg7Oc+L+8rPwiMcfD5C56YLWyynyH/ib6I9xDFH1aamdfoL+m7OFA==
  dependencies:
    "@cyberalien/svg-utils" "^1.2.4"
    "@iconify/types" "^2.0.0"
    "@iconify/utils" "^3.1.0"
    fflate "^0.8.2"
    modern-tar "^0.7.5"
    pathe "^2.0.3"
    svgo "^4.0.1"

"@iconify/types@^2.0.0":
  version "2.0.0"
  resolved "https://registry.yarnpkg.com/@iconify/types/-/types-2.0.0.tgz#ab0e9ea681d6c8a1214f30cd741fe3a20cc57f57"
  integrity sha512-+wluvCrRhXrhyOmRDJ3q8mux9JkKy5SJ/v8ol2tu4FVjyYvtEzkc/3pK15ET6RKg4b4w4BmTk1+gsCUhf21Ykg==

"@iconify/utils@^3.1.0":
  version "3.1.0"
  resolved "https://registry.yarnpkg.com/@iconify/utils/-/utils-3.1.0.tgz#fb41882915f97fee6f91a2fbb8263e8772ca0438"
  integrity sha512-Zlzem1ZXhI1iHeeERabLNzBHdOa4VhQbqAcOQaMKuTuyZCpwKbC2R4Dd0Zo3g9EAc+Y4fiarO8HIHRAth7+skw==
  dependencies:
    "@antfu/install-pkg" "^1.1.0"
    "@iconify/types" "^2.0.0"
    mlly "^1.8.0"

"@opentok/client@^2.32.1":
  version "2.33.1"
  resolved "https://registry.yarnpkg.com/@opentok/client/-/client-2.33.1.tgz#15ec1849ac3284da746264bc351104154e946a61"
  integrity sha512-XhFLTYE+JO12q9r2Q8rdRufHyWvgCIfEDz9dzbe5ICuUcAmL+h4LUA9q/0s1eGmgzm3DVoBde/FNQYxYOYIeEg==

"@rails/actiontext@^8.1.200":
  version "8.1.200"
  resolved "https://registry.yarnpkg.com/@rails/actiontext/-/actiontext-8.1.200.tgz#b49f52cdb028c4aa3f0758c8fc7c51092b3c2d3b"
  integrity sha512-l4OuFLZbQB+A3yCNOzX0Y4Tn7XSekfuYjy20TiBuf+4Q5JKTnfuybHrQ5cDk/9DbwWE9sdWcdbODFUIYd4tczg==
  dependencies:
    "@rails/activestorage" ">= 8.1.0-alpha"

"@rails/activestorage@>= 8.1.0-alpha":
  version "8.1.200"
  resolved "https://registry.yarnpkg.com/@rails/activestorage/-/activestorage-8.1.200.tgz#335fe28c4652b636a5d65069c96ff33507e574e8"
  integrity sha512-bPZqv447REBd1NQfba//FjgUqbUd93zKh7+BWhh3vRZ7Nm+RUgm6c5GbWctmik/rMHjsruTHhusYGyoKyf60pg==
  dependencies:
    spark-md5 "^3.0.1"

"@rails/request.js@^0.0.13":
  version "0.0.13"
  resolved "https://registry.yarnpkg.com/@rails/request.js/-/request.js-0.0.13.tgz#3c7cbd0303ea9ef51bd3e7acaab86e9324efc52f"
  integrity sha512-7MXmjFOPuaxpjG8brqKJG0EfIe9ak6R0wRnjCBtRuADNFbdlRxETdKx1T5NVU4Ato3iZOkEpeSUEuLboL3tCGA==

"@types/trusted-types@^2.0.7":
  version "2.0.7"
  resolved "https://registry.yarnpkg.com/@types/trusted-types/-/trusted-types-2.0.7.tgz#baccb07a970b91707df3a3e8ba6896c57ead2d11"
  integrity sha512-ScaPdn1dQczgbl0QFTeTOmVHFULt394XJgOQNoyVhZ6r2vLnMLJfBPd53SB52T/3G36VI1/g2MZaX0cwDuXsfw==

acorn@^8.16.0:
  version "8.16.0"
  resolved "https://registry.yarnpkg.com/acorn/-/acorn-8.16.0.tgz#4ce79c89be40afe7afe8f3adb902a1f1ce9ac08a"
  integrity sha512-UVJyE9MttOsBQIDKw1skb9nAwQuR5wuGD3+82K6JgJlm/Y+KI92oNsMNGZCYdDsVtRHSak0pcV5Dno5+4jh9sw==

boolbase@^1.0.0:
  version "1.0.0"
  resolved "https://registry.yarnpkg.com/boolbase/-/boolbase-1.0.0.tgz#68dff5fbe60c51eb37725ea9e3ed310dcc1e776e"
  integrity sha512-JZOSA7Mo9sNGB8+UjSgzdLtokWAky1zbztM3WRLCbZ70/3cTANmQmOdR7y2g+J0e2WXywy1yS468tY+IruqEww==

commander@^11.1.0:
  version "11.1.0"
  resolved "https://registry.yarnpkg.com/commander/-/commander-11.1.0.tgz#62fdce76006a68e5c1ab3314dc92e800eb83d906"
  integrity sha512-yPVavfyCcRhmorC7rWlkHn15b4wDVgVmBA7kV4QVBsF7kv/9TKJAbAXVTxvTnwP8HHKjRCJDClKbciiYS7p0DQ==

confbox@^0.1.8:
  version "0.1.8"
  resolved "https://registry.yarnpkg.com/confbox/-/confbox-0.1.8.tgz#820d73d3b3c82d9bd910652c5d4d599ef8ff8b06"
  integrity sha512-RMtmw0iFkeR4YV+fUOSucriAQNb9g8zFR52MWCtl+cCZOFRNL6zeB395vPzFhEjjn4fMxXudmELnl/KF/WrK6w==

css-select@^5.1.0:
  version "5.2.2"
  resolved "https://registry.yarnpkg.com/css-select/-/css-select-5.2.2.tgz#01b6e8d163637bb2dd6c982ca4ed65863682786e"
  integrity sha512-TizTzUddG/xYLA3NXodFM0fSbNizXjOKhqiQQwvhlspadZokn1KDy0NZFS0wuEubIYAV5/c1/lAr0TaaFXEXzw==
  dependencies:
    boolbase "^1.0.0"
    css-what "^6.1.0"
    domhandler "^5.0.2"
    domutils "^3.0.1"
    nth-check "^2.0.1"

css-tree@^3.0.1:
  version "3.2.1"
  resolved "https://registry.yarnpkg.com/css-tree/-/css-tree-3.2.1.tgz#86cac7011561272b30e6b1e042ba6ce047aa7518"
  integrity sha512-X7sjQzceUhu1u7Y/ylrRZFU2FS6LRiFVp6rKLPg23y3x3c3DOKAwuXGDp+PAGjh6CSnCjYeAul8pcT8bAl+lSA==
  dependencies:
    mdn-data "2.27.1"
    source-map-js "^1.2.1"

css-tree@~2.2.0:
  version "2.2.1"
  resolved "https://registry.yarnpkg.com/css-tree/-/css-tree-2.2.1.tgz#36115d382d60afd271e377f9c5f67d02bd48c032"
  integrity sha512-OA0mILzGc1kCOCSJerOeqDxDQ4HOh+G8NbOJFOTgOCzpw7fCBubk0fEyxp8AgOL/jvLgYA/uV0cMbe43ElF1JA==
  dependencies:
    mdn-data "2.0.28"
    source-map-js "^1.0.1"

css-what@^6.1.0:
  version "6.2.2"
  resolved "https://registry.yarnpkg.com/css-what/-/css-what-6.2.2.tgz#cdcc8f9b6977719fdfbd1de7aec24abf756b9dea"
  integrity sha512-u/O3vwbptzhMs3L1fQE82ZSLHQQfto5gyZzwteVIEyeaY5Fc7R4dapF/BvRoSYFeqfBk4m0V1Vafq5Pjv25wvA==

csso@^5.0.5:
  version "5.0.5"
  resolved "https://registry.yarnpkg.com/csso/-/csso-5.0.5.tgz#f9b7fe6cc6ac0b7d90781bb16d5e9874303e2ca6"
  integrity sha512-0LrrStPOdJj+SPCCrGhzryycLjwcgUSHBtxNA8aIDxf0GLsRh1cKYhB00Gd1lDOS4yGH69+SNn13+TWbVHETFQ==
  dependencies:
    css-tree "~2.2.0"

dom-serializer@^2.0.0:
  version "2.0.0"
  resolved "https://registry.yarnpkg.com/dom-serializer/-/dom-serializer-2.0.0.tgz#e41b802e1eedf9f6cae183ce5e622d789d7d8e53"
  integrity sha512-wIkAryiqt/nV5EQKqQpo3SToSOV9J0DnbJqwK7Wv/Trc92zIAYZ4FlMu+JPFW1DfGFt81ZTCGgDEabffXeLyJg==
  dependencies:
    domelementtype "^2.3.0"
    domhandler "^5.0.2"
    entities "^4.2.0"

domelementtype@^2.3.0:
  version "2.3.0"
  resolved "https://registry.yarnpkg.com/domelementtype/-/domelementtype-2.3.0.tgz#5c45e8e869952626331d7aab326d01daf65d589d"
  integrity sha512-OLETBj6w0OsagBwdXnPdN0cnMfF9opN69co+7ZrbfPGrdpPVNBUj02spi6B1N7wChLQiPn4CSH/zJvXw56gmHw==

domhandler@^5.0.2, domhandler@^5.0.3:
  version "5.0.3"
  resolved "https://registry.yarnpkg.com/domhandler/-/domhandler-5.0.3.tgz#cc385f7f751f1d1fc650c21374804254538c7d31"
  integrity sha512-cgwlv/1iFQiFnU96XXgROh8xTeetsnJiDsTc7TYCLFd9+/WNkIqPTxiM/8pSd8VIrhXGTf1Ny1q1hquVqDJB5w==
  dependencies:
    domelementtype "^2.3.0"

dompurify@^3.2.5:
  version "3.3.3"
  resolved "https://registry.yarnpkg.com/dompurify/-/dompurify-3.3.3.tgz#680cae8af3e61320ddf3666a3bc843f7b291b2b6"
  integrity sha512-Oj6pzI2+RqBfFG+qOaOLbFXLQ90ARpcGG6UePL82bJLtdsa6CYJD7nmiU8MW9nQNOtCHV3lZ/Bzq1X0QYbBZCA==
  optionalDependencies:
    "@types/trusted-types" "^2.0.7"

domutils@^3.0.1:
  version "3.2.2"
  resolved "https://registry.yarnpkg.com/domutils/-/domutils-3.2.2.tgz#edbfe2b668b0c1d97c24baf0f1062b132221bc78"
  integrity sha512-6kZKyUajlDuqlHKVX1w7gyslj9MPIXzIFiz/rGu35uC1wMi+kMhQwGhl4lt9unC9Vb9INnY9Z3/ZA3+FhASLaw==
  dependencies:
    dom-serializer "^2.0.0"
    domelementtype "^2.3.0"
    domhandler "^5.0.3"

entities@^4.2.0:
  version "4.5.0"
  resolved "https://registry.yarnpkg.com/entities/-/entities-4.5.0.tgz#5d268ea5e7113ec74c4d033b79ea5a35a488fb48"
  integrity sha512-V0hjH4dGPh9Ao5p0MoRY6BVqtwCjhz6vI5LT8AJ55H+4g9/4vbHx1I54fS0XuclLhDHArPQCiMjDxjaL8fPxhw==

fflate@^0.8.2:
  version "0.8.2"
  resolved "https://registry.yarnpkg.com/fflate/-/fflate-0.8.2.tgz#fc8631f5347812ad6028bbe4a2308b2792aa1dea"
  integrity sha512-cPJU47OaAoCbg0pBvzsgpTPhmhqI5eJjh/JIu8tPj5q+T7iLvW/JAYUqmE7KOB4R1ZyEhzBaIQpQpardBF5z8A==

mdn-data@2.0.28:
  version "2.0.28"
  resolved "https://registry.yarnpkg.com/mdn-data/-/mdn-data-2.0.28.tgz#5ec48e7bef120654539069e1ae4ddc81ca490eba"
  integrity sha512-aylIc7Z9y4yzHYAJNuESG3hfhC+0Ibp/MAMiaOZgNv4pmEdFyfZhhhny4MNiAfWdBQ1RQ2mfDWmM1x8SvGyp8g==

mdn-data@2.27.1:
  version "2.27.1"
  resolved "https://registry.yarnpkg.com/mdn-data/-/mdn-data-2.27.1.tgz#e37b9c50880b75366c4d40ac63d9bbcacdb61f0e"
  integrity sha512-9Yubnt3e8A0OKwxYSXyhLymGW4sCufcLG6VdiDdUGVkPhpqLxlvP5vl1983gQjJl3tqbrM731mjaZaP68AgosQ==

mlly@^1.7.4, mlly@^1.8.0:
  version "1.8.1"
  resolved "https://registry.yarnpkg.com/mlly/-/mlly-1.8.1.tgz#2ed89f4fbbbde26db9fcc86df5bfa3153cfacea1"
  integrity sha512-SnL6sNutTwRWWR/vcmCYHSADjiEesp5TGQQ0pXyLhW5IoeibRlF/CbSLailbB3CNqJUk9cVJ9dUDnbD7GrcHBQ==
  dependencies:
    acorn "^8.16.0"
    pathe "^2.0.3"
    pkg-types "^1.3.1"
    ufo "^1.6.3"

modern-tar@^0.7.5:
  version "0.7.5"
  resolved "https://registry.yarnpkg.com/modern-tar/-/modern-tar-0.7.5.tgz#d932328f83a9fe97ebf72365188cef7e90ba6e78"
  integrity sha512-YTefgdpKKFgoTDbEUqXqgUJct2OG6/4hs4XWLsxcHkDLj/x/V8WmKIRppPnXP5feQ7d1vuYWSp3qKkxfwaFaxA==

nth-check@^2.0.1:
  version "2.1.1"
  resolved "https://registry.yarnpkg.com/nth-check/-/nth-check-2.1.1.tgz#c9eab428effce36cd6b92c924bdb000ef1f1ed1d"
  integrity sha512-lqjrjmaOoAnWfMmBPL+XNnynZh2+swxiX3WUE0s4yEHI6m+AwrK2UZOimIRl3X/4QctVqS8AiZjFqyOGrMXb/w==
  dependencies:
    boolbase "^1.0.0"

package-manager-detector@^1.3.0:
  version "1.6.0"
  resolved "https://registry.yarnpkg.com/package-manager-detector/-/package-manager-detector-1.6.0.tgz#70d0cf0aa02c877eeaf66c4d984ede0be9130734"
  integrity sha512-61A5ThoTiDG/C8s8UMZwSorAGwMJ0ERVGj2OjoW5pAalsNOg15+iQiPzrLJ4jhZ1HJzmC2PIHT2oEiH3R5fzNA==

pathe@^2.0.1, pathe@^2.0.3:
  version "2.0.3"
  resolved "https://registry.yarnpkg.com/pathe/-/pathe-2.0.3.tgz#3ecbec55421685b70a9da872b2cff3e1cbed1716"
  integrity sha512-WUjGcAqP1gQacoQe+OBJsFA7Ld4DyXuUIjZ5cc75cLHvJ7dtNsTugphxIADwspS+AraAUePCKrSVtPLFj/F88w==

picocolors@^1.1.1:
  version "1.1.1"
  resolved "https://registry.yarnpkg.com/picocolors/-/picocolors-1.1.1.tgz#3d321af3eab939b083c8f929a1d12cda81c26b6b"
  integrity sha512-xceH2snhtb5M9liqDsmEw56le376mTZkEX/jEb/RxNFyegNul7eNslCXP9FDj/Lcu0X8KEyMceP2ntpaHrDEVA==

pkg-types@^1.3.1:
  version "1.3.1"
  resolved "https://registry.yarnpkg.com/pkg-types/-/pkg-types-1.3.1.tgz#bd7cc70881192777eef5326c19deb46e890917df"
  integrity sha512-/Jm5M4RvtBFVkKWRu2BLUTNP8/M2a+UwuAX+ae4770q1qVGtfjG+WTCupoZixokjmHiry8uI+dlY8KXYV5HVVQ==
  dependencies:
    confbox "^0.1.8"
    mlly "^1.7.4"
    pathe "^2.0.1"

sax@^1.5.0:
  version "1.5.0"
  resolved "https://registry.yarnpkg.com/sax/-/sax-1.5.0.tgz#b5549b671069b7aa392df55ec7574cf411179eb8"
  integrity sha512-21IYA3Q5cQf089Z6tgaUTr7lDAyzoTPx5HRtbhsME8Udispad8dC/+sziTNugOEx54ilvatQ9YCzl4KQLPcRHA==

source-map-js@^1.0.1, source-map-js@^1.2.1:
  version "1.2.1"
  resolved "https://registry.yarnpkg.com/source-map-js/-/source-map-js-1.2.1.tgz#1ce5650fddd87abc099eda37dcff024c2667ae46"
  integrity sha512-UXWMKhLOwVKb728IUtQPXxfYU+usdybtUrK/8uGE8CQMvrhOpwvzDBwj0QhSL7MQc7vIsISBG8VQ8+IDQxpfQA==

spark-md5@^3.0.1:
  version "3.0.2"
  resolved "https://registry.yarnpkg.com/spark-md5/-/spark-md5-3.0.2.tgz#7952c4a30784347abcee73268e473b9c0167e3fc"
  integrity sha512-wcFzz9cDfbuqe0FZzfi2or1sgyIrsDwmPwfZC4hiNidPdPINjeUwNfv5kldczoEAcjl9Y1L3SM7Uz2PUEQzxQw==

svgo@^4.0.1:
  version "4.0.1"
  resolved "https://registry.yarnpkg.com/svgo/-/svgo-4.0.1.tgz#c82dacd04ee9f1d55cd4e0b7f9a214c86670e3ee"
  integrity sha512-XDpWUOPC6FEibaLzjfe0ucaV0YrOjYotGJO1WpF0Zd+n6ZGEQUsSugaoLq9QkEZtAfQIxT42UChcssDVPP3+/w==
  dependencies:
    commander "^11.1.0"
    css-select "^5.1.0"
    css-tree "^3.0.1"
    css-what "^6.1.0"
    csso "^5.0.5"
    picocolors "^1.1.1"
    sax "^1.5.0"

tinyexec@^1.0.1:
  version "1.0.4"
  resolved "https://registry.yarnpkg.com/tinyexec/-/tinyexec-1.0.4.tgz#6c60864fe1d01331b2f17c6890f535d7e5385408"
  integrity sha512-u9r3uZC0bdpGOXtlxUIdwf9pkmvhqJdrVCH9fapQtgy/OeTTMZ1nqH7agtvEfmGui6e1XxjcdrlxvxJvc3sMqw==

trix@^2.1.17:
  version "2.1.17"
  resolved "https://registry.yarnpkg.com/trix/-/trix-2.1.17.tgz#a47c4ee1925a7abb26aee5c094ec7ef9fe49575a"
  integrity sha512-nkHg7VgIItGVx1CFA645dDlAoCgah+9gv80Yc+97aS8jkZmO5K4MxkSqmU9t/C8upqZB8uhfJs90epoDfYz/6Q==
  dependencies:
    dompurify "^3.2.5"

ufo@^1.6.3:
  version "1.6.3"
  resolved "https://registry.yarnpkg.com/ufo/-/ufo-1.6.3.tgz#799666e4e88c122a9659805e30b9dc071c3aed4f"
  integrity sha512-yDJTmhydvl5lJzBmy/hyOAA0d+aqCBuwl818haVdYCRrWV84o7YyeVm4QlVHStqNrrJSTb6jKuFAVqAFsr+K3Q==
